
Microsoft Visual Studio Solution File, Format Version 12.00
# Visual Studio Version 16
VisualStudioVersion = 16.0.33423.256
MinimumVisualStudioVersion = 10.0.40219.1
Project("{9A19103F-16F7-4668-BE54-9A1E7A4F7556}") = "Calculadora", "Calculadora.csproj", "{57AAE4DC-C73D-4FA6-81BF-159F1016A4AB}"
EndProject
Global
	GlobalSection(SolutionConfigurationPlatforms) = preSolution
		Debug|Any CPU = Debug|Any CPU
		Release|Any CPU = Release|Any CPU
	EndGlobalSection
	GlobalSection(ProjectConfigurationPlatforms) = postSolution
		{57AAE4DC-C73D-4FA6-81BF-159F1016A4AB}.Debug|Any CPU.ActiveCfg = Debug|Any CPU
		{57AAE4DC-C73D-4FA6-81BF-159F1016A4AB}.Debug|Any CPU.Build.0 = Debug|Any CPU
		{57AAE4DC-C73D-4FA6-81BF-159F1016A4AB}.Release|Any CPU.ActiveCfg = Release|Any CPU
		{57AAE4DC-C73D-4FA6-81BF-159F1016A4AB}.Release|Any CPU.Build.0 = Release|Any CPU
	EndGlobalSection
	GlobalSection(SolutionProperties) = preSolution
		HideSolutionNode = FALSE
	EndGlobalSection
	GlobalSection(ExtensibilityGlobals) = postSolution
		SolutionGuid = {BD4C66DB-3470-4277-A0FA-ED9B9831A69A}
	EndGlobalSection
EndGlobal
